
Microsoft Visual Studio Solution File, Format Version 12.00
# Visual Studio 15
VisualStudioVersion = 15.0.28010.2036
MinimumVisualStudioVersion = 10.0.40219.1
Project("{FAE04EC0-301F-11D3-BF4B-00C04F79EFBC}") = "eBiblio", "eBiblio\eBiblio.csproj", "{19061514-82DA-4AFC-9161-3106E117FB76}"
EndProject
Project("{FAE04EC0-301F-11D3-BF4B-00C04F79EFBC}") = "eBiblio.Tests", "eBiblio.Tests\eBiblio.Tests.csproj", "{ECEE0FF9-3580-458E-AC6C-AF5F0E24874B}"
EndProject
Global
	GlobalSection(SolutionConfigurationPlatforms) = preSolution
		Debug|Any CPU = Debug|Any CPU
		Release|Any CPU = Release|Any CPU
	EndGlobalSection
	GlobalSection(ProjectConfigurationPlatforms) = postSolution
		{19061514-82DA-4AFC-9161-3106E117FB76}.Debug|Any CPU.ActiveCfg = Debug|Any CPU
		{19061514-82DA-4AFC-9161-3106E117FB76}.Debug|Any CPU.Build.0 = Debug|Any CPU
		{19061514-82DA-4AFC-9161-3106E117FB76}.Release|Any CPU.ActiveCfg = Release|Any CPU
		{19061514-82DA-4AFC-9161-3106E117FB76}.Release|Any CPU.Build.0 = Release|Any CPU
		{ECEE0FF9-3580-458E-AC6C-AF5F0E24874B}.Debug|Any CPU.ActiveCfg = Debug|Any CPU
		{ECEE0FF9-3580-458E-AC6C-AF5F0E24874B}.Debug|Any CPU.Build.0 = Debug|Any CPU
		{ECEE0FF9-3580-458E-AC6C-AF5F0E24874B}.Release|Any CPU.ActiveCfg = Release|Any CPU
		{ECEE0FF9-3580-458E-AC6C-AF5F0E24874B}.Release|Any CPU.Build.0 = Release|Any CPU
	EndGlobalSection
	GlobalSection(SolutionProperties) = preSolution
		HideSolutionNode = FALSE
	EndGlobalSection
	GlobalSection(ExtensibilityGlobals) = postSolution
		SolutionGuid = {C275B8B5-8434-41A9-8E60-CC8853FDA80C}
	EndGlobalSection
EndGlobal
